
Microsoft Visual Studio Solution File, Format Version 12.00
# Visual Studio Version 16
VisualStudioVersion = 16.0.30611.23
MinimumVisualStudioVersion = 10.0.40219.1
Project("{FAE04EC0-301F-11D3-BF4B-00C04F79EFBC}") = "Covid19", "Covid19\Covid19.csproj", "{78588FCC-0FF8-4D19-89A3-550D4B241E23}"
EndProject
Project("{FAE04EC0-301F-11D3-BF4B-00C04F79EFBC}") = "Covid19.Web", "Covid19.Web\Covid19.Web.csproj", "{59CCF738-79C3-41B8-A2B5-D30D350B017A}"
EndProject
Global
	GlobalSection(SolutionConfigurationPlatforms) = preSolution
		Debug|Any CPU = Debug|Any CPU
		Release|Any CPU = Release|Any CPU
	EndGlobalSection
	GlobalSection(ProjectConfigurationPlatforms) = postSolution
		{78588FCC-0FF8-4D19-89A3-550D4B241E23}.Debug|Any CPU.ActiveCfg = Debug|Any CPU
		{78588FCC-0FF8-4D19-89A3-550D4B241E23}.Debug|Any CPU.Build.0 = Debug|Any CPU
		{78588FCC-0FF8-4D19-89A3-550D4B241E23}.Release|Any CPU.ActiveCfg = Release|Any CPU
		{78588FCC-0FF8-4D19-89A3-550D4B241E23}.Release|Any CPU.Build.0 = Release|Any CPU
		{59CCF738-79C3-41B8-A2B5-D30D350B017A}.Debug|Any CPU.ActiveCfg = Debug|Any CPU
		{59CCF738-79C3-41B8-A2B5-D30D350B017A}.Debug|Any CPU.Build.0 = Debug|Any CPU
		{59CCF738-79C3-41B8-A2B5-D30D350B017A}.Release|Any CPU.ActiveCfg = Release|Any CPU
		{59CCF738-79C3-41B8-A2B5-D30D350B017A}.Release|Any CPU.Build.0 = Release|Any CPU
	EndGlobalSection
	GlobalSection(SolutionProperties) = preSolution
		HideSolutionNode = FALSE
	EndGlobalSection
	GlobalSection(ExtensibilityGlobals) = postSolution
		SolutionGuid = {20326BC6-CA30-4BBF-8E8D-BD3BA751D7A9}
	EndGlobalSection
EndGlobal
